# This file is automatically @generated by tinymist.
# It is not intended for manual editing.
version = "0.1.0-beta0"

[[document]]
id = "file:examples/academic_work/guide/main.typ"
inputs = []
main = "file:examples/academic_work/guide/main.typ"
root = "file:."
system-fonts = true

[[route]]
id = "file:examples/academic_work/guide/main.typ"
priority = 256
